
Microsoft Visual Studio Solution File, Format Version 12.00
# Visual Studio 2013
VisualStudioVersion = 12.0.31101.0
MinimumVisualStudioVersion = 12.0
Project("{2150E333-8FDC-42A3-9474-1A3956D46DE8}") = "Sys", "Sys", "{1649C437-DAE4-4C1A-BDA5-280EF5DBC7CF}"
EndProject
Project("{2150E333-8FDC-42A3-9474-1A3956D46DE8}") = "Streamdump", "Streamdump", "{C673ACB7-95D5-4AE0-B3F4-0AF9397748B7}"
EndProject
Project("{2150E333-8FDC-42A3-9474-1A3956D46DE8}") = "Examples", "Examples", "{00778484-3C94-483F-9C12-AC959C88906D}"
EndProject
Project("{2150E333-8FDC-42A3-9474-1A3956D46DE8}") = "Webfilter", "Webfilter", "{00C0073C-C344-4A73-83CE-1AFD837953D9}"
EndProject
Project("{2150E333-8FDC-42A3-9474-1A3956D46DE8}") = "Passthru", "Passthru", "{A235BB33-9193-4225-B465-84A298448DC2}"
EndProject
Project("{2150E333-8FDC-42A3-9474-1A3956D46DE8}") = "Netfilter", "Netfilter", "{C8BFBF73-4A8C-4800-9A78-9294BE6AB738}"
EndProject
Project("{2150E333-8FDC-42A3-9474-1A3956D46DE8}") = "Netdump", "Netdump", "{F9C144BE-56A0-4B1E-82E4-C8D9D1CBB883}"
EndProject
Project("{2150E333-8FDC-42A3-9474-1A3956D46DE8}") = "Dll", "Dll", "{386BE545-E34B-44E0-AE6B-F240320124D8}"
EndProject
Project("{8BC9CEB8-8B4A-11D0-8D11-00A0C91BC942}") = "WinDivert32", "sys\WinDivert32.vcxproj", "{829C0C2D-2408-49C3-83DB-FE84A93189AB}"
EndProject
Project("{8BC9CEB8-8B4A-11D0-8D11-00A0C91BC942}") = "streamdump", "examples\streamdump\streamdump.vcxproj", "{4333E451-AFCD-4E30-B9F9-F65043E10B36}"
	ProjectSection(ProjectDependencies) = postProject
		{BC459652-9D05-4532-85D3-0C9193E0021D} = {BC459652-9D05-4532-85D3-0C9193E0021D}
	EndProjectSection
EndProject
Project("{8BC9CEB8-8B4A-11D0-8D11-00A0C91BC942}") = "webfilter", "examples\webfilter\webfilter.vcxproj", "{B0CB2937-0F46-40D8-8691-7ED549762685}"
	ProjectSection(ProjectDependencies) = postProject
		{BC459652-9D05-4532-85D3-0C9193E0021D} = {BC459652-9D05-4532-85D3-0C9193E0021D}
	EndProjectSection
EndProject
Project("{8BC9CEB8-8B4A-11D0-8D11-00A0C91BC942}") = "passthru", "examples\passthru\passthru.vcxproj", "{B73F023C-FDF7-4FB2-AD4B-8FB3736F5235}"
	ProjectSection(ProjectDependencies) = postProject
		{BC459652-9D05-4532-85D3-0C9193E0021D} = {BC459652-9D05-4532-85D3-0C9193E0021D}
	EndProjectSection
EndProject
Project("{8BC9CEB8-8B4A-11D0-8D11-00A0C91BC942}") = "netfilter", "examples\netfilter\netfilter.vcxproj", "{4685BF30-2DF2-42E1-8727-998978E025D4}"
	ProjectSection(ProjectDependencies) = postProject
		{BC459652-9D05-4532-85D3-0C9193E0021D} = {BC459652-9D05-4532-85D3-0C9193E0021D}
	EndProjectSection
EndProject
Project("{8BC9CEB8-8B4A-11D0-8D11-00A0C91BC942}") = "netdump", "examples\netdump\netdump.vcxproj", "{0CBF6FE2-4B62-414A-8B57-42BF39911C49}"
	ProjectSection(ProjectDependencies) = postProject
		{BC459652-9D05-4532-85D3-0C9193E0021D} = {BC459652-9D05-4532-85D3-0C9193E0021D}
	EndProjectSection
EndProject
Project("{8BC9CEB8-8B4A-11D0-8D11-00A0C91BC942}") = "WinDivert", "dll\WinDivert.vcxproj", "{BC459652-9D05-4532-85D3-0C9193E0021D}"
EndProject
Global
	GlobalSection(SolutionConfigurationPlatforms) = preSolution
		Win7 Debug|Win32 = Win7 Debug|Win32
		Win7 Debug|x64 = Win7 Debug|x64
		Win7 Release|Win32 = Win7 Release|Win32
		Win7 Release|x64 = Win7 Release|x64
		Win8 Debug|Win32 = Win8 Debug|Win32
		Win8 Debug|x64 = Win8 Debug|x64
		Win8 Release|Win32 = Win8 Release|Win32
		Win8 Release|x64 = Win8 Release|x64
		Win8.1 Debug|Win32 = Win8.1 Debug|Win32
		Win8.1 Debug|x64 = Win8.1 Debug|x64
		Win8.1 Release|Win32 = Win8.1 Release|Win32
		Win8.1 Release|x64 = Win8.1 Release|x64
	EndGlobalSection
	GlobalSection(ProjectConfigurationPlatforms) = postSolution
		{829C0C2D-2408-49C3-83DB-FE84A93189AB}.Win7 Debug|Win32.ActiveCfg = Win7 Debug|Win32
		{829C0C2D-2408-49C3-83DB-FE84A93189AB}.Win7 Debug|Win32.Build.0 = Win7 Debug|Win32
		{829C0C2D-2408-49C3-83DB-FE84A93189AB}.Win7 Debug|x64.ActiveCfg = Win7 Debug|x64
		{829C0C2D-2408-49C3-83DB-FE84A93189AB}.Win7 Debug|x64.Build.0 = Win7 Debug|x64
		{829C0C2D-2408-49C3-83DB-FE84A93189AB}.Win7 Release|Win32.ActiveCfg = Win7 Release|Win32
		{829C0C2D-2408-49C3-83DB-FE84A93189AB}.Win7 Release|Win32.Build.0 = Win7 Release|Win32
		{829C0C2D-2408-49C3-83DB-FE84A93189AB}.Win7 Release|x64.ActiveCfg = Win7 Release|x64
		{829C0C2D-2408-49C3-83DB-FE84A93189AB}.Win7 Release|x64.Build.0 = Win7 Release|x64
		{829C0C2D-2408-49C3-83DB-FE84A93189AB}.Win8 Debug|Win32.ActiveCfg = Win8 Debug|Win32
		{829C0C2D-2408-49C3-83DB-FE84A93189AB}.Win8 Debug|Win32.Build.0 = Win8 Debug|Win32
		{829C0C2D-2408-49C3-83DB-FE84A93189AB}.Win8 Debug|x64.ActiveCfg = Win8 Debug|x64
		{829C0C2D-2408-49C3-83DB-FE84A93189AB}.Win8 Debug|x64.Build.0 = Win8 Debug|x64
		{829C0C2D-2408-49C3-83DB-FE84A93189AB}.Win8 Release|Win32.ActiveCfg = Win8 Release|Win32
		{829C0C2D-2408-49C3-83DB-FE84A93189AB}.Win8 Release|Win32.Build.0 = Win8 Release|Win32
		{829C0C2D-2408-49C3-83DB-FE84A93189AB}.Win8 Release|x64.ActiveCfg = Win8 Release|x64
		{829C0C2D-2408-49C3-83DB-FE84A93189AB}.Win8 Release|x64.Build.0 = Win8 Release|x64
		{829C0C2D-2408-49C3-83DB-FE84A93189AB}.Win8.1 Debug|Win32.ActiveCfg = Win8.1 Debug|Win32
		{829C0C2D-2408-49C3-83DB-FE84A93189AB}.Win8.1 Debug|Win32.Build.0 = Win8.1 Debug|Win32
		{829C0C2D-2408-49C3-83DB-FE84A93189AB}.Win8.1 Debug|x64.ActiveCfg = Win8.1 Debug|x64
		{829C0C2D-2408-49C3-83DB-FE84A93189AB}.Win8.1 Debug|x64.Build.0 = Win8.1 Debug|x64
		{829C0C2D-2408-49C3-83DB-FE84A93189AB}.Win8.1 Release|Win32.ActiveCfg = Win8.1 Release|Win32
		{829C0C2D-2408-49C3-83DB-FE84A93189AB}.Win8.1 Release|Win32.Build.0 = Win8.1 Release|Win32
		{829C0C2D-2408-49C3-83DB-FE84A93189AB}.Win8.1 Release|x64.ActiveCfg = Win8.1 Release|x64
		{829C0C2D-2408-49C3-83DB-FE84A93189AB}.Win8.1 Release|x64.Build.0 = Win8.1 Release|x64
		{4333E451-AFCD-4E30-B9F9-F65043E10B36}.Win7 Debug|Win32.ActiveCfg = Win7 Debug|Win32
		{4333E451-AFCD-4E30-B9F9-F65043E10B36}.Win7 Debug|Win32.Build.0 = Win7 Debug|Win32
		{4333E451-AFCD-4E30-B9F9-F65043E10B36}.Win7 Debug|x64.ActiveCfg = Win7 Debug|x64
		{4333E451-AFCD-4E30-B9F9-F65043E10B36}.Win7 Debug|x64.Build.0 = Win7 Debug|x64
		{4333E451-AFCD-4E30-B9F9-F65043E10B36}.Win7 Release|Win32.ActiveCfg = Win7 Release|Win32
		{4333E451-AFCD-4E30-B9F9-F65043E10B36}.Win7 Release|Win32.Build.0 = Win7 Release|Win32
		{4333E451-AFCD-4E30-B9F9-F65043E10B36}.Win7 Release|x64.ActiveCfg = Win7 Release|x64
		{4333E451-AFCD-4E30-B9F9-F65043E10B36}.Win7 Release|x64.Build.0 = Win7 Release|x64
		{4333E451-AFCD-4E30-B9F9-F65043E10B36}.Win8 Debug|Win32.ActiveCfg = Win8 Debug|Win32
		{4333E451-AFCD-4E30-B9F9-F65043E10B36}.Win8 Debug|Win32.Build.0 = Win8 Debug|Win32
		{4333E451-AFCD-4E30-B9F9-F65043E10B36}.Win8 Debug|x64.ActiveCfg = Win8 Debug|x64
		{4333E451-AFCD-4E30-B9F9-F65043E10B36}.Win8 Debug|x64.Build.0 = Win8 Debug|x64
		{4333E451-AFCD-4E30-B9F9-F65043E10B36}.Win8 Release|Win32.ActiveCfg = Win8 Release|Win32
		{4333E451-AFCD-4E30-B9F9-F65043E10B36}.Win8 Release|Win32.Build.0 = Win8 Release|Win32
		{4333E451-AFCD-4E30-B9F9-F65043E10B36}.Win8 Release|x64.ActiveCfg = Win8 Release|x64
		{4333E451-AFCD-4E30-B9F9-F65043E10B36}.Win8 Release|x64.Build.0 = Win8 Release|x64
		{4333E451-AFCD-4E30-B9F9-F65043E10B36}.Win8.1 Debug|Win32.ActiveCfg = Win8.1 Debug|Win32
		{4333E451-AFCD-4E30-B9F9-F65043E10B36}.Win8.1 Debug|Win32.Build.0 = Win8.1 Debug|Win32
		{4333E451-AFCD-4E30-B9F9-F65043E10B36}.Win8.1 Debug|x64.ActiveCfg = Win8.1 Debug|x64
		{4333E451-AFCD-4E30-B9F9-F65043E10B36}.Win8.1 Debug|x64.Build.0 = Win8.1 Debug|x64
		{4333E451-AFCD-4E30-B9F9-F65043E10B36}.Win8.1 Release|Win32.ActiveCfg = Win8.1 Release|Win32
		{4333E451-AFCD-4E30-B9F9-F65043E10B36}.Win8.1 Release|Win32.Build.0 = Win8.1 Release|Win32
		{4333E451-AFCD-4E30-B9F9-F65043E10B36}.Win8.1 Release|x64.ActiveCfg = Win8.1 Release|x64
		{4333E451-AFCD-4E30-B9F9-F65043E10B36}.Win8.1 Release|x64.Build.0 = Win8.1 Release|x64
		{B0CB2937-0F46-40D8-8691-7ED549762685}.Win7 Debug|Win32.ActiveCfg = Win7 Debug|Win32
		{B0CB2937-0F46-40D8-8691-7ED549762685}.Win7 Debug|Win32.Build.0 = Win7 Debug|Win32
		{B0CB2937-0F46-40D8-8691-7ED549762685}.Win7 Debug|x64.ActiveCfg = Win7 Debug|x64
		{B0CB2937-0F46-40D8-8691-7ED549762685}.Win7 Debug|x64.Build.0 = Win7 Debug|x64
		{B0CB2937-0F46-40D8-8691-7ED549762685}.Win7 Release|Win32.ActiveCfg = Win7 Release|Win32
		{B0CB2937-0F46-40D8-8691-7ED549762685}.Win7 Release|Win32.Build.0 = Win7 Release|Win32
		{B0CB2937-0F46-40D8-8691-7ED549762685}.Win7 Release|x64.ActiveCfg = Win7 Release|x64
		{B0CB2937-0F46-40D8-8691-7ED549762685}.Win7 Release|x64.Build.0 = Win7 Release|x64
		{B0CB2937-0F46-40D8-8691-7ED549762685}.Win8 Debug|Win32.ActiveCfg = Win8 Debug|Win32
		{B0CB2937-0F46-40D8-8691-7ED549762685}.Win8 Debug|Win32.Build.0 = Win8 Debug|Win32
		{B0CB2937-0F46-40D8-8691-7ED549762685}.Win8 Debug|x64.ActiveCfg = Win8 Debug|x64
		{B0CB2937-0F46-40D8-8691-7ED549762685}.Win8 Debug|x64.Build.0 = Win8 Debug|x64
		{B0CB2937-0F46-40D8-8691-7ED549762685}.Win8 Release|Win32.ActiveCfg = Win8 Release|Win32
		{B0CB2937-0F46-40D8-8691-7ED549762685}.Win8 Release|Win32.Build.0 = Win8 Release|Win32
		{B0CB2937-0F46-40D8-8691-7ED549762685}.Win8 Release|x64.ActiveCfg = Win8 Release|x64
		{B0CB2937-0F46-40D8-8691-7ED549762685}.Win8 Release|x64.Build.0 = Win8 Release|x64
		{B0CB2937-0F46-40D8-8691-7ED549762685}.Win8.1 Debug|Win32.ActiveCfg = Win8.1 Debug|Win32
		{B0CB2937-0F46-40D8-8691-7ED549762685}.Win8.1 Debug|Win32.Build.0 = Win8.1 Debug|Win32
		{B0CB2937-0F46-40D8-8691-7ED549762685}.Win8.1 Debug|x64.ActiveCfg = Win8.1 Debug|x64
		{B0CB2937-0F46-40D8-8691-7ED549762685}.Win8.1 Debug|x64.Build.0 = Win8.1 Debug|x64
		{B0CB2937-0F46-40D8-8691-7ED549762685}.Win8.1 Release|Win32.ActiveCfg = Win8.1 Release|Win32
		{B0CB2937-0F46-40D8-8691-7ED549762685}.Win8.1 Release|Win32.Build.0 = Win8.1 Release|Win32
		{B0CB2937-0F46-40D8-8691-7ED549762685}.Win8.1 Release|x64.ActiveCfg = Win8.1 Release|x64
		{B0CB2937-0F46-40D8-8691-7ED549762685}.Win8.1 Release|x64.Build.0 = Win8.1 Release|x64
		{B73F023C-FDF7-4FB2-AD4B-8FB3736F5235}.Win7 Debug|Win32.ActiveCfg = Win7 Debug|Win32
		{B73F023C-FDF7-4FB2-AD4B-8FB3736F5235}.Win7 Debug|Win32.Build.0 = Win7 Debug|Win32
		{B73F023C-FDF7-4FB2-AD4B-8FB3736F5235}.Win7 Debug|x64.ActiveCfg = Win7 Debug|x64
		{B73F023C-FDF7-4FB2-AD4B-8FB3736F5235}.Win7 Debug|x64.Build.0 = Win7 Debug|x64
		{B73F023C-FDF7-4FB2-AD4B-8FB3736F5235}.Win7 Release|Win32.ActiveCfg = Win7 Release|Win32
		{B73F023C-FDF7-4FB2-AD4B-8FB3736F5235}.Win7 Release|Win32.Build.0 = Win7 Release|Win32
		{B73F023C-FDF7-4FB2-AD4B-8FB3736F5235}.Win7 Release|x64.ActiveCfg = Win7 Release|x64
		{B73F023C-FDF7-4FB2-AD4B-8FB3736F5235}.Win7 Release|x64.Build.0 = Win7 Release|x64
		{B73F023C-FDF7-4FB2-AD4B-8FB3736F5235}.Win8 Debug|Win32.ActiveCfg = Win8 Debug|Win32
		{B73F023C-FDF7-4FB2-AD4B-8FB3736F5235}.Win8 Debug|Win32.Build.0 = Win8 Debug|Win32
		{B73F023C-FDF7-4FB2-AD4B-8FB3736F5235}.Win8 Debug|x64.ActiveCfg = Win8 Debug|x64
		{B73F023C-FDF7-4FB2-AD4B-8FB3736F5235}.Win8 Debug|x64.Build.0 = Win8 Debug|x64
		{B73F023C-FDF7-4FB2-AD4B-8FB3736F5235}.Win8 Release|Win32.ActiveCfg = Win8 Release|Win32
		{B73F023C-FDF7-4FB2-AD4B-8FB3736F5235}.Win8 Release|Win32.Build.0 = Win8 Release|Win32
		{B73F023C-FDF7-4FB2-AD4B-8FB3736F5235}.Win8 Release|x64.ActiveCfg = Win8 Release|x64
		{B73F023C-FDF7-4FB2-AD4B-8FB3736F5235}.Win8 Release|x64.Build.0 = Win8 Release|x64
		{B73F023C-FDF7-4FB2-AD4B-8FB3736F5235}.Win8.1 Debug|Win32.ActiveCfg = Win8.1 Debug|Win32
		{B73F023C-FDF7-4FB2-AD4B-8FB3736F5235}.Win8.1 Debug|Win32.Build.0 = Win8.1 Debug|Win32
		{B73F023C-FDF7-4FB2-AD4B-8FB3736F5235}.Win8.1 Debug|x64.ActiveCfg = Win8.1 Debug|x64
		{B73F023C-FDF7-4FB2-AD4B-8FB3736F5235}.Win8.1 Debug|x64.Build.0 = Win8.1 Debug|x64
		{B73F023C-FDF7-4FB2-AD4B-8FB3736F5235}.Win8.1 Release|Win32.ActiveCfg = Win8.1 Release|Win32
		{B73F023C-FDF7-4FB2-AD4B-8FB3736F5235}.Win8.1 Release|Win32.Build.0 = Win8.1 Release|Win32
		{B73F023C-FDF7-4FB2-AD4B-8FB3736F5235}.Win8.1 Release|x64.ActiveCfg = Win8.1 Release|x64
		{B73F023C-FDF7-4FB2-AD4B-8FB3736F5235}.Win8.1 Release|x64.Build.0 = Win8.1 Release|x64
		{4685BF30-2DF2-42E1-8727-998978E025D4}.Win7 Debug|Win32.ActiveCfg = Win7 Debug|Win32
		{4685BF30-2DF2-42E1-8727-998978E025D4}.Win7 Debug|Win32.Build.0 = Win7 Debug|Win32
		{4685BF30-2DF2-42E1-8727-998978E025D4}.Win7 Debug|x64.ActiveCfg = Win7 Debug|x64
		{4685BF30-2DF2-42E1-8727-998978E025D4}.Win7 Debug|x64.Build.0 = Win7 Debug|x64
		{4685BF30-2DF2-42E1-8727-998978E025D4}.Win7 Release|Win32.ActiveCfg = Win7 Release|Win32
		{4685BF30-2DF2-42E1-8727-998978E025D4}.Win7 Release|Win32.Build.0 = Win7 Release|Win32
		{4685BF30-2DF2-42E1-8727-998978E025D4}.Win7 Release|x64.ActiveCfg = Win7 Release|x64
		{4685BF30-2DF2-42E1-8727-998978E025D4}.Win7 Release|x64.Build.0 = Win7 Release|x64
		{4685BF30-2DF2-42E1-8727-998978E025D4}.Win8 Debug|Win32.ActiveCfg = Win8 Debug|Win32
		{4685BF30-2DF2-42E1-8727-998978E025D4}.Win8 Debug|Win32.Build.0 = Win8 Debug|Win32
		{4685BF30-2DF2-42E1-8727-998978E025D4}.Win8 Debug|x64.ActiveCfg = Win8 Debug|x64
		{4685BF30-2DF2-42E1-8727-998978E025D4}.Win8 Debug|x64.Build.0 = Win8 Debug|x64
		{4685BF30-2DF2-42E1-8727-998978E025D4}.Win8 Release|Win32.ActiveCfg = Win8 Release|Win32
		{4685BF30-2DF2-42E1-8727-998978E025D4}.Win8 Release|Win32.Build.0 = Win8 Release|Win32
		{4685BF30-2DF2-42E1-8727-998978E025D4}.Win8 Release|x64.ActiveCfg = Win8 Release|x64
		{4685BF30-2DF2-42E1-8727-998978E025D4}.Win8 Release|x64.Build.0 = Win8 Release|x64
		{4685BF30-2DF2-42E1-8727-998978E025D4}.Win8.1 Debug|Win32.ActiveCfg = Win8.1 Debug|Win32
		{4685BF30-2DF2-42E1-8727-998978E025D4}.Win8.1 Debug|Win32.Build.0 = Win8.1 Debug|Win32
		{4685BF30-2DF2-42E1-8727-998978E025D4}.Win8.1 Debug|x64.ActiveCfg = Win8.1 Debug|x64
		{4685BF30-2DF2-42E1-8727-998978E025D4}.Win8.1 Debug|x64.Build.0 = Win8.1 Debug|x64
		{4685BF30-2DF2-42E1-8727-998978E025D4}.Win8.1 Release|Win32.ActiveCfg = Win8.1 Release|Win32
		{4685BF30-2DF2-42E1-8727-998978E025D4}.Win8.1 Release|Win32.Build.0 = Win8.1 Release|Win32
		{4685BF30-2DF2-42E1-8727-998978E025D4}.Win8.1 Release|x64.ActiveCfg = Win8.1 Release|x64
		{4685BF30-2DF2-42E1-8727-998978E025D4}.Win8.1 Release|x64.Build.0 = Win8.1 Release|x64
		{0CBF6FE2-4B62-414A-8B57-42BF39911C49}.Win7 Debug|Win32.ActiveCfg = Win7 Debug|Win32
		{0CBF6FE2-4B62-414A-8B57-42BF39911C49}.Win7 Debug|Win32.Build.0 = Win7 Debug|Win32
		{0CBF6FE2-4B62-414A-8B57-42BF39911C49}.Win7 Debug|x64.ActiveCfg = Win7 Debug|x64
		{0CBF6FE2-4B62-414A-8B57-42BF39911C49}.Win7 Debug|x64.Build.0 = Win7 Debug|x64
		{0CBF6FE2-4B62-414A-8B57-42BF39911C49}.Win7 Release|Win32.ActiveCfg = Win7 Release|Win32
		{0CBF6FE2-4B62-414A-8B57-42BF39911C49}.Win7 Release|Win32.Build.0 = Win7 Release|Win32
		{0CBF6FE2-4B62-414A-8B57-42BF39911C49}.Win7 Release|x64.ActiveCfg = Win7 Release|x64
		{0CBF6FE2-4B62-414A-8B57-42BF39911C49}.Win7 Release|x64.Build.0 = Win7 Release|x64
		{0CBF6FE2-4B62-414A-8B57-42BF39911C49}.Win8 Debug|Win32.ActiveCfg = Win8 Debug|Win32
		{0CBF6FE2-4B62-414A-8B57-42BF39911C49}.Win8 Debug|Win32.Build.0 = Win8 Debug|Win32
		{0CBF6FE2-4B62-414A-8B57-42BF39911C49}.Win8 Debug|x64.ActiveCfg = Win8 Debug|x64
		{0CBF6FE2-4B62-414A-8B57-42BF39911C49}.Win8 Debug|x64.Build.0 = Win8 Debug|x64
		{0CBF6FE2-4B62-414A-8B57-42BF39911C49}.Win8 Release|Win32.ActiveCfg = Win8 Release|Win32
		{0CBF6FE2-4B62-414A-8B57-42BF39911C49}.Win8 Release|Win32.Build.0 = Win8 Release|Win32
		{0CBF6FE2-4B62-414A-8B57-42BF39911C49}.Win8 Release|x64.ActiveCfg = Win8 Release|x64
		{0CBF6FE2-4B62-414A-8B57-42BF39911C49}.Win8 Release|x64.Build.0 = Win8 Release|x64
		{0CBF6FE2-4B62-414A-8B57-42BF39911C49}.Win8.1 Debug|Win32.ActiveCfg = Win8.1 Debug|Win32
		{0CBF6FE2-4B62-414A-8B57-42BF39911C49}.Win8.1 Debug|Win32.Build.0 = Win8.1 Debug|Win32
		{0CBF6FE2-4B62-414A-8B57-42BF39911C49}.Win8.1 Debug|x64.ActiveCfg = Win8.1 Debug|x64
		{0CBF6FE2-4B62-414A-8B57-42BF39911C49}.Win8.1 Debug|x64.Build.0 = Win8.1 Debug|x64
		{0CBF6FE2-4B62-414A-8B57-42BF39911C49}.Win8.1 Release|Win32.ActiveCfg = Win8.1 Release|Win32
		{0CBF6FE2-4B62-414A-8B57-42BF39911C49}.Win8.1 Release|Win32.Build.0 = Win8.1 Release|Win32
		{0CBF6FE2-4B62-414A-8B57-42BF39911C49}.Win8.1 Release|x64.ActiveCfg = Win8.1 Release|x64
		{0CBF6FE2-4B62-414A-8B57-42BF39911C49}.Win8.1 Release|x64.Build.0 = Win8.1 Release|x64
		{BC459652-9D05-4532-85D3-0C9193E0021D}.Win7 Debug|Win32.ActiveCfg = Win7 Debug|Win32
		{BC459652-9D05-4532-85D3-0C9193E0021D}.Win7 Debug|Win32.Build.0 = Win7 Debug|Win32
		{BC459652-9D05-4532-85D3-0C9193E0021D}.Win7 Debug|x64.ActiveCfg = Win7 Debug|x64
		{BC459652-9D05-4532-85D3-0C9193E0021D}.Win7 Debug|x64.Build.0 = Win7 Debug|x64
		{BC459652-9D05-4532-85D3-0C9193E0021D}.Win7 Release|Win32.ActiveCfg = Win7 Release|Win32
		{BC459652-9D05-4532-85D3-0C9193E0021D}.Win7 Release|Win32.Build.0 = Win7 Release|Win32
		{BC459652-9D05-4532-85D3-0C9193E0021D}.Win7 Release|x64.ActiveCfg = Win7 Release|x64
		{BC459652-9D05-4532-85D3-0C9193E0021D}.Win7 Release|x64.Build.0 = Win7 Release|x64
		{BC459652-9D05-4532-85D3-0C9193E0021D}.Win8 Debug|Win32.ActiveCfg = Win8 Debug|Win32
		{BC459652-9D05-4532-85D3-0C9193E0021D}.Win8 Debug|Win32.Build.0 = Win8 Debug|Win32
		{BC459652-9D05-4532-85D3-0C9193E0021D}.Win8 Debug|x64.ActiveCfg = Win8 Debug|x64
		{BC459652-9D05-4532-85D3-0C9193E0021D}.Win8 Debug|x64.Build.0 = Win8 Debug|x64
		{BC459652-9D05-4532-85D3-0C9193E0021D}.Win8 Release|Win32.ActiveCfg = Win8 Release|Win32
		{BC459652-9D05-4532-85D3-0C9193E0021D}.Win8 Release|Win32.Build.0 = Win8 Release|Win32
		{BC459652-9D05-4532-85D3-0C9193E0021D}.Win8 Release|x64.ActiveCfg = Win8 Release|x64
		{BC459652-9D05-4532-85D3-0C9193E0021D}.Win8 Release|x64.Build.0 = Win8 Release|x64
		{BC459652-9D05-4532-85D3-0C9193E0021D}.Win8.1 Debug|Win32.ActiveCfg = Win8.1 Debug|Win32
		{BC459652-9D05-4532-85D3-0C9193E0021D}.Win8.1 Debug|Win32.Build.0 = Win8.1 Debug|Win32
		{BC459652-9D05-4532-85D3-0C9193E0021D}.Win8.1 Debug|x64.ActiveCfg = Win8.1 Debug|x64
		{BC459652-9D05-4532-85D3-0C9193E0021D}.Win8.1 Debug|x64.Build.0 = Win8.1 Debug|x64
		{BC459652-9D05-4532-85D3-0C9193E0021D}.Win8.1 Release|Win32.ActiveCfg = Win8.1 Release|Win32
		{BC459652-9D05-4532-85D3-0C9193E0021D}.Win8.1 Release|Win32.Build.0 = Win8.1 Release|Win32
		{BC459652-9D05-4532-85D3-0C9193E0021D}.Win8.1 Release|x64.ActiveCfg = Win8.1 Release|x64
		{BC459652-9D05-4532-85D3-0C9193E0021D}.Win8.1 Release|x64.Build.0 = Win8.1 Release|x64
	EndGlobalSection
	GlobalSection(SolutionProperties) = preSolution
		HideSolutionNode = FALSE
	EndGlobalSection
	GlobalSection(NestedProjects) = preSolution
		{C673ACB7-95D5-4AE0-B3F4-0AF9397748B7} = {00778484-3C94-483F-9C12-AC959C88906D}
		{00C0073C-C344-4A73-83CE-1AFD837953D9} = {00778484-3C94-483F-9C12-AC959C88906D}
		{A235BB33-9193-4225-B465-84A298448DC2} = {00778484-3C94-483F-9C12-AC959C88906D}
		{C8BFBF73-4A8C-4800-9A78-9294BE6AB738} = {00778484-3C94-483F-9C12-AC959C88906D}
		{F9C144BE-56A0-4B1E-82E4-C8D9D1CBB883} = {00778484-3C94-483F-9C12-AC959C88906D}
		{829C0C2D-2408-49C3-83DB-FE84A93189AB} = {1649C437-DAE4-4C1A-BDA5-280EF5DBC7CF}
		{4333E451-AFCD-4E30-B9F9-F65043E10B36} = {C673ACB7-95D5-4AE0-B3F4-0AF9397748B7}
		{B0CB2937-0F46-40D8-8691-7ED549762685} = {00C0073C-C344-4A73-83CE-1AFD837953D9}
		{B73F023C-FDF7-4FB2-AD4B-8FB3736F5235} = {A235BB33-9193-4225-B465-84A298448DC2}
		{4685BF30-2DF2-42E1-8727-998978E025D4} = {C8BFBF73-4A8C-4800-9A78-9294BE6AB738}
		{0CBF6FE2-4B62-414A-8B57-42BF39911C49} = {F9C144BE-56A0-4B1E-82E4-C8D9D1CBB883}
		{BC459652-9D05-4532-85D3-0C9193E0021D} = {386BE545-E34B-44E0-AE6B-F240320124D8}
	EndGlobalSection
EndGlobal
